
Microsoft Visual Studio Solution File, Format Version 12.00
# Visual Studio Version 17
VisualStudioVersion = 17.14.37328.6
MinimumVisualStudioVersion = 10.0.40219.1
Project("{FAE04EC0-301F-11D3-BF4B-00C04F79EFBC}") = "Demo02", "Demo02\Demo02.csproj", "{A0B20134-C147-489C-8DE2-E4C12F25378B}"
EndProject
Project("{2150E333-8FDC-42A3-9474-1A3956D46DE8}") = "Solution Items", "Solution Items", "{8EC462FD-D22E-90A8-E5CE-7E832BA40C5D}"
EndProject
Project("{FAE04EC0-301F-11D3-BF4B-00C04F79EFBC}") = "Demo06", "Demo06\Demo06.csproj", "{1EF2666B-6494-4944-BF86-6560ECE06417}"
EndProject
Project("{FAE04EC0-301F-11D3-BF4B-00C04F79EFBC}") = "Demo07", "Demo07\Demo07.csproj", "{C4DF502A-F113-4DCC-BC06-28AA93850773}"
EndProject
Project("{FAE04EC0-301F-11D3-BF4B-00C04F79EFBC}") = "Demo08", "Demo08\Demo08.csproj", "{D9891FD0-AE0F-4810-858B-42FCA7D2B8DD}"
EndProject
Project("{FAE04EC0-301F-11D3-BF4B-00C04F79EFBC}") = "Demo09", "Demo09\Demo09.csproj", "{63639DAE-146C-447D-A119-D1FA2BD955F6}"
EndProject
Project("{FAE04EC0-301F-11D3-BF4B-00C04F79EFBC}") = "Demo10", "Demo10\Demo10.csproj", "{68ADA09A-FA03-466B-915C-F087857C8925}"
EndProject
Project("{FAE04EC0-301F-11D3-BF4B-00C04F79EFBC}") = "Demo12", "Demo12\Demo12.csproj", "{9A39C26B-035F-4321-8B86-8572EE2C21A1}"
EndProject
Project("{FAE04EC0-301F-11D3-BF4B-00C04F79EFBC}") = "Demo13", "Demo13\Demo13.csproj", "{55E031EB-CC9A-482D-9DCB-C56808973EE7}"
EndProject
Project("{FAE04EC0-301F-11D3-BF4B-00C04F79EFBC}") = "Demo14", "Demo14\Demo14.csproj", "{93C15E28-1C3E-478C-B690-70E03807FE78}"
EndProject
Project("{FAE04EC0-301F-11D3-BF4B-00C04F79EFBC}") = "Demo19", "Demo19\Demo19.csproj", "{4B98583F-46BE-403A-8EC0-0FECBDF63E50}"
EndProject
Project("{FAE04EC0-301F-11D3-BF4B-00C04F79EFBC}") = "Demo18", "Demo18\Demo18.csproj", "{3734430E-9777-40AE-A9C9-6E3FB5822E59}"
EndProject
Project("{FAE04EC0-301F-11D3-BF4B-00C04F79EFBC}") = "Demo20", "Demo20\Demo20.csproj", "{D4997AE9-03BE-4A77-A62C-1EF2A5EFC96F}"
EndProject
Project("{FAE04EC0-301F-11D3-BF4B-00C04F79EFBC}") = "Demo21", "Demo21\Demo21.csproj", "{EE72E547-2929-4517-BDE8-4F841673BE8F}"
EndProject
Project("{FAE04EC0-301F-11D3-BF4B-00C04F79EFBC}") = "Demo22", "Demo22\Demo22.csproj", "{E14485B7-BB6C-407A-9098-ABF4AD742317}"
EndProject
Project("{FAE04EC0-301F-11D3-BF4B-00C04F79EFBC}") = "Demo22.0", "Demo22.0\Demo22.0.csproj", "{F69CC32A-37D8-426E-9E02-BCEB13DAFF3B}"
EndProject
Project("{FAE04EC0-301F-11D3-BF4B-00C04F79EFBC}") = "Demo22.01", "Demo22.01\Demo22.01.csproj", "{C8FCDA61-0FAC-4107-B05D-0E817BF3C68A}"
EndProject
Project("{FAE04EC0-301F-11D3-BF4B-00C04F79EFBC}") = "Demo24", "Demo24\Demo24.csproj", "{8930F579-704D-4575-BC0A-398F29D9CC52}"
EndProject
Project("{FAE04EC0-301F-11D3-BF4B-00C04F79EFBC}") = "Demo23", "Demo23\Demo23.csproj", "{8E739DED-474C-4F69-86CE-6AC05DEDA33F}"
EndProject
Project("{FAE04EC0-301F-11D3-BF4B-00C04F79EFBC}") = "Demo15", "Demo15\Demo15.csproj", "{1096025E-6F3C-495F-87CE-FFD547B00671}"
EndProject
Project("{FAE04EC0-301F-11D3-BF4B-00C04F79EFBC}") = "Demo11", "Demo11\Demo11.csproj", "{C99E92D6-CEBD-43DB-9409-739AAC8CF291}"
EndProject
Project("{FAE04EC0-301F-11D3-BF4B-00C04F79EFBC}") = "Demo01", "Demo01\Demo01.csproj", "{A3D90FB7-B909-4518-96A2-A43D639A5092}"
EndProject
Project("{FAE04EC0-301F-11D3-BF4B-00C04F79EFBC}") = "Demo2.0", "Demo2.0\Demo2.0.csproj", "{7B2D5C06-B95E-4CAC-AC56-924C0D7752A7}"
EndProject
Project("{FAE04EC0-301F-11D3-BF4B-00C04F79EFBC}") = "Demo6.0", "Demo6.0\Demo6.0.csproj", "{B30BA1E0-71A9-418D-B760-8314F8DEC712}"
EndProject
Project("{FAE04EC0-301F-11D3-BF4B-00C04F79EFBC}") = "Demo16.1", "Demo16.1\Demo16.1.csproj", "{70A215E7-EAB5-41F3-B67C-641BE342C1CE}"
EndProject
Project("{FAE04EC0-301F-11D3-BF4B-00C04F79EFBC}") = "Demo23.01", "Demo23.01\Demo23.01.csproj", "{F248E00C-2CC9-4C97-A522-17BF1A6F111F}"
EndProject
Project("{FAE04EC0-301F-11D3-BF4B-00C04F79EFBC}") = "Demo24.01", "Demo24.01\Demo24.01.csproj", "{142F1C89-3D87-43CE-AFB4-3AB3DD66B8C5}"
EndProject
Project("{FAE04EC0-301F-11D3-BF4B-00C04F79EFBC}") = "Demo04.1", "Demo04.1\Demo04.1.csproj", "{0C7E6623-390E-4A2E-949A-B601890118B2}"
EndProject
Project("{FAE04EC0-301F-11D3-BF4B-00C04F79EFBC}") = "Demo05", "Demo05\Demo05.csproj", "{712655CF-20B0-490A-9B25-545BC62D80CC}"
EndProject
Project("{FAE04EC0-301F-11D3-BF4B-00C04F79EFBC}") = "Demo25", "Demo25\Demo25.csproj", "{4726455B-7279-48EE-918E-33EFB6B4E08B}"
EndProject
Project("{FAE04EC0-301F-11D3-BF4B-00C04F79EFBC}") = "Demo26", "Demo26\Demo26.csproj", "{2CE92ADF-E76C-48D5-A304-A317ADFC6F8D}"
EndProject
Project("{FAE04EC0-301F-11D3-BF4B-00C04F79EFBC}") = "Demo27", "Demo27\Demo27.csproj", "{B36CAFEF-286F-4339-BCDE-0FEAD3A2E364}"
EndProject
Project("{FAE04EC0-301F-11D3-BF4B-00C04F79EFBC}") = "Demo27.1", "Demo27.1\Demo27.1.csproj", "{D007DE18-55C1-4F37-99B6-A0B5BB13A00C}"
EndProject
Project("{FAE04EC0-301F-11D3-BF4B-00C04F79EFBC}") = "Demo28", "Demo28\Demo28.csproj", "{3EC85BBA-05D6-45DE-91CF-F0E6077048AA}"
EndProject
Project("{FAE04EC0-301F-11D3-BF4B-00C04F79EFBC}") = "Demo29", "Demo29\Demo29.csproj", "{280C9CA8-5FA9-4DC4-BDBC-01572D654E48}"
EndProject
Project("{FAE04EC0-301F-11D3-BF4B-00C04F79EFBC}") = "Demo30", "Demo30\Demo30.csproj", "{D15219DE-E9D5-493D-8B69-E0DF3EB6443A}"
EndProject
Project("{FAE04EC0-301F-11D3-BF4B-00C04F79EFBC}") = "Demo17", "demo17\Demo17.csproj", "{F418298E-EF9E-4A17-8252-2E9A927649EB}"
EndProject
Project("{FAE04EC0-301F-11D3-BF4B-00C04F79EFBC}") = "Demo31", "Demo31\Demo31.csproj", "{FE8191B2-0BB9-4DC9-9034-78ACD3294673}"
EndProject
Project("{FAE04EC0-301F-11D3-BF4B-00C04F79EFBC}") = "Demo32", "Demo32\Demo32.csproj", "{E619C62C-83FA-4B1F-A9E0-BF2B9FA7B4FD}"
EndProject
Project("{FAE04EC0-301F-11D3-BF4B-00C04F79EFBC}") = "Demo33", "Demo33\Demo33.csproj", "{614D2522-33BB-42E7-8939-BA58FE7072E7}"
EndProject
Project("{FAE04EC0-301F-11D3-BF4B-00C04F79EFBC}") = "Demo35", "Demo35\Demo35.csproj", "{B0FA1FA6-7624-4626-9454-3E697D33BD72}"
EndProject
Project("{FAE04EC0-301F-11D3-BF4B-00C04F79EFBC}") = "Demo34.1", "Demo34.1\Demo34.1.csproj", "{6B1AFCDF-5D4F-4C0F-B9FA-C2ECC16DAD83}"
EndProject
Project("{FAE04EC0-301F-11D3-BF4B-00C04F79EFBC}") = "Demo36", "Demo36\Demo36.csproj", "{D2FC78A7-6A09-410B-9CA7-60A3CD60F263}"
EndProject
Project("{FAE04EC0-301F-11D3-BF4B-00C04F79EFBC}") = "Demo37", "Demo37\Demo37.csproj", "{528295CB-0CAE-4FBC-8EDF-730C01CB2058}"
EndProject
Project("{FAE04EC0-301F-11D3-BF4B-00C04F79EFBC}") = "Demo38", "Demo38\Demo38.csproj", "{92B3CCAE-7CA6-49FC-9967-19ED8826FECB}"
EndProject
Project("{FAE04EC0-301F-11D3-BF4B-00C04F79EFBC}") = "Demo39", "Demo39\Demo39.csproj", "{2B4F5C30-DEF4-4976-AA6E-984BFD353955}"
EndProject
Project("{FAE04EC0-301F-11D3-BF4B-00C04F79EFBC}") = "Demo40", "Demo40\Demo40.csproj", "{DC53F8C2-3674-4807-B863-92FACEE6E315}"
EndProject
Project("{FAE04EC0-301F-11D3-BF4B-00C04F79EFBC}") = "Demo41", "Demo41\Demo41.csproj", "{EE9FCDBF-7324-4977-B2E9-F3A98DC71258}"
EndProject
Project("{FAE04EC0-301F-11D3-BF4B-00C04F79EFBC}") = "Demo42", "Demo42\Demo42.csproj", "{1037A19F-3A7D-4CC0-9B79-72A0FEEC1F34}"
EndProject
Project("{FAE04EC0-301F-11D3-BF4B-00C04F79EFBC}") = "Demo45", "Demo45\Demo45.csproj", "{301F422C-82D4-407C-9273-08F6C7AF59DF}"
EndProject
Project("{FAE04EC0-301F-11D3-BF4B-00C04F79EFBC}") = "Demo44", "Demo44\Demo44.csproj", "{AF1E61D6-BCAE-48CD-A8EB-4E1D79B879DF}"
EndProject
Project("{FAE04EC0-301F-11D3-BF4B-00C04F79EFBC}") = "Demo43", "Demo43\Demo43.csproj", "{9819BE7D-030D-47D7-B810-8C76D0D1B126}"
EndProject
Project("{FAE04EC0-301F-11D3-BF4B-00C04F79EFBC}") = "Demo46", "Demo46\Demo46.csproj", "{6D6B2386-7D35-42C0-B247-09FD3840A7BE}"
EndProject
Global
	GlobalSection(SolutionConfigurationPlatforms) = preSolution
		Debug|Any CPU = Debug|Any CPU
		Release|Any CPU = Release|Any CPU
	EndGlobalSection
	GlobalSection(ProjectConfigurationPlatforms) = postSolution
		{A0B20134-C147-489C-8DE2-E4C12F25378B}.Debug|Any CPU.ActiveCfg = Debug|Any CPU
		{A0B20134-C147-489C-8DE2-E4C12F25378B}.Debug|Any CPU.Build.0 = Debug|Any CPU
		{A0B20134-C147-489C-8DE2-E4C12F25378B}.Release|Any CPU.ActiveCfg = Release|Any CPU
		{A0B20134-C147-489C-8DE2-E4C12F25378B}.Release|Any CPU.Build.0 = Release|Any CPU
		{1EF2666B-6494-4944-BF86-6560ECE06417}.Debug|Any CPU.ActiveCfg = Debug|Any CPU
		{1EF2666B-6494-4944-BF86-6560ECE06417}.Debug|Any CPU.Build.0 = Debug|Any CPU
		{1EF2666B-6494-4944-BF86-6560ECE06417}.Release|Any CPU.ActiveCfg = Release|Any CPU
		{1EF2666B-6494-4944-BF86-6560ECE06417}.Release|Any CPU.Build.0 = Release|Any CPU
		{C4DF502A-F113-4DCC-BC06-28AA93850773}.Debug|Any CPU.ActiveCfg = Debug|Any CPU
		{C4DF502A-F113-4DCC-BC06-28AA93850773}.Debug|Any CPU.Build.0 = Debug|Any CPU
		{C4DF502A-F113-4DCC-BC06-28AA93850773}.Release|Any CPU.ActiveCfg = Release|Any CPU
		{C4DF502A-F113-4DCC-BC06-28AA93850773}.Release|Any CPU.Build.0 = Release|Any CPU
		{D9891FD0-AE0F-4810-858B-42FCA7D2B8DD}.Debug|Any CPU.ActiveCfg = Debug|Any CPU
		{D9891FD0-AE0F-4810-858B-42FCA7D2B8DD}.Debug|Any CPU.Build.0 = Debug|Any CPU
		{D9891FD0-AE0F-4810-858B-42FCA7D2B8DD}.Release|Any CPU.ActiveCfg = Release|Any CPU
		{D9891FD0-AE0F-4810-858B-42FCA7D2B8DD}.Release|Any CPU.Build.0 = Release|Any CPU
		{63639DAE-146C-447D-A119-D1FA2BD955F6}.Debug|Any CPU.ActiveCfg = Debug|Any CPU
		{63639DAE-146C-447D-A119-D1FA2BD955F6}.Debug|Any CPU.Build.0 = Debug|Any CPU
		{63639DAE-146C-447D-A119-D1FA2BD955F6}.Release|Any CPU.ActiveCfg = Release|Any CPU
		{63639DAE-146C-447D-A119-D1FA2BD955F6}.Release|Any CPU.Build.0 = Release|Any CPU
		{68ADA09A-FA03-466B-915C-F087857C8925}.Debug|Any CPU.ActiveCfg = Debug|Any CPU
		{68ADA09A-FA03-466B-915C-F087857C8925}.Debug|Any CPU.Build.0 = Debug|Any CPU
		{68ADA09A-FA03-466B-915C-F087857C8925}.Release|Any CPU.ActiveCfg = Release|Any CPU
		{68ADA09A-FA03-466B-915C-F087857C8925}.Release|Any CPU.Build.0 = Release|Any CPU
		{9A39C26B-035F-4321-8B86-8572EE2C21A1}.Debug|Any CPU.ActiveCfg = Debug|Any CPU
		{9A39C26B-035F-4321-8B86-8572EE2C21A1}.Debug|Any CPU.Build.0 = Debug|Any CPU
		{9A39C26B-035F-4321-8B86-8572EE2C21A1}.Release|Any CPU.ActiveCfg = Release|Any CPU
		{9A39C26B-035F-4321-8B86-8572EE2C21A1}.Release|Any CPU.Build.0 = Release|Any CPU
		{55E031EB-CC9A-482D-9DCB-C56808973EE7}.Debug|Any CPU.ActiveCfg = Debug|Any CPU
		{55E031EB-CC9A-482D-9DCB-C56808973EE7}.Debug|Any CPU.Build.0 = Debug|Any CPU
		{55E031EB-CC9A-482D-9DCB-C56808973EE7}.Release|Any CPU.ActiveCfg = Release|Any CPU
		{55E031EB-CC9A-482D-9DCB-C56808973EE7}.Release|Any CPU.Build.0 = Release|Any CPU
		{93C15E28-1C3E-478C-B690-70E03807FE78}.Debug|Any CPU.ActiveCfg = Debug|Any CPU
		{93C15E28-1C3E-478C-B690-70E03807FE78}.Debug|Any CPU.Build.0 = Debug|Any CPU
		{93C15E28-1C3E-478C-B690-70E03807FE78}.Release|Any CPU.ActiveCfg = Release|Any CPU
		{93C15E28-1C3E-478C-B690-70E03807FE78}.Release|Any CPU.Build.0 = Release|Any CPU
		{4B98583F-46BE-403A-8EC0-0FECBDF63E50}.Debug|Any CPU.ActiveCfg = Debug|Any CPU
		{4B98583F-46BE-403A-8EC0-0FECBDF63E50}.Debug|Any CPU.Build.0 = Debug|Any CPU
		{4B98583F-46BE-403A-8EC0-0FECBDF63E50}.Release|Any CPU.ActiveCfg = Release|Any CPU
		{4B98583F-46BE-403A-8EC0-0FECBDF63E50}.Release|Any CPU.Build.0 = Release|Any CPU
		{3734430E-9777-40AE-A9C9-6E3FB5822E59}.Debug|Any CPU.ActiveCfg = Debug|Any CPU
		{3734430E-9777-40AE-A9C9-6E3FB5822E59}.Debug|Any CPU.Build.0 = Debug|Any CPU
		{3734430E-9777-40AE-A9C9-6E3FB5822E59}.Release|Any CPU.ActiveCfg = Release|Any CPU
		{3734430E-9777-40AE-A9C9-6E3FB5822E59}.Release|Any CPU.Build.0 = Release|Any CPU
		{D4997AE9-03BE-4A77-A62C-1EF2A5EFC96F}.Debug|Any CPU.ActiveCfg = Debug|Any CPU
		{D4997AE9-03BE-4A77-A62C-1EF2A5EFC96F}.Debug|Any CPU.Build.0 = Debug|Any CPU
		{D4997AE9-03BE-4A77-A62C-1EF2A5EFC96F}.Release|Any CPU.ActiveCfg = Release|Any CPU
		{D4997AE9-03BE-4A77-A62C-1EF2A5EFC96F}.Release|Any CPU.Build.0 = Release|Any CPU
		{EE72E547-2929-4517-BDE8-4F841673BE8F}.Debug|Any CPU.ActiveCfg = Debug|Any CPU
		{EE72E547-2929-4517-BDE8-4F841673BE8F}.Debug|Any CPU.Build.0 = Debug|Any CPU
		{EE72E547-2929-4517-BDE8-4F841673BE8F}.Release|Any CPU.ActiveCfg = Release|Any CPU
		{EE72E547-2929-4517-BDE8-4F841673BE8F}.Release|Any CPU.Build.0 = Release|Any CPU
		{E14485B7-BB6C-407A-9098-ABF4AD742317}.Debug|Any CPU.ActiveCfg = Debug|Any CPU
		{E14485B7-BB6C-407A-9098-ABF4AD742317}.Debug|Any CPU.Build.0 = Debug|Any CPU
		{E14485B7-BB6C-407A-9098-ABF4AD742317}.Release|Any CPU.ActiveCfg = Release|Any CPU
		{E14485B7-BB6C-407A-9098-ABF4AD742317}.Release|Any CPU.Build.0 = Release|Any CPU
		{F69CC32A-37D8-426E-9E02-BCEB13DAFF3B}.Debug|Any CPU.ActiveCfg = Debug|Any CPU
		{F69CC32A-37D8-426E-9E02-BCEB13DAFF3B}.Debug|Any CPU.Build.0 = Debug|Any CPU
		{F69CC32A-37D8-426E-9E02-BCEB13DAFF3B}.Release|Any CPU.ActiveCfg = Release|Any CPU
		{F69CC32A-37D8-426E-9E02-BCEB13DAFF3B}.Release|Any CPU.Build.0 = Release|Any CPU
		{C8FCDA61-0FAC-4107-B05D-0E817BF3C68A}.Debug|Any CPU.ActiveCfg = Debug|Any CPU
		{C8FCDA61-0FAC-4107-B05D-0E817BF3C68A}.Debug|Any CPU.Build.0 = Debug|Any CPU
		{C8FCDA61-0FAC-4107-B05D-0E817BF3C68A}.Release|Any CPU.ActiveCfg = Release|Any CPU
		{C8FCDA61-0FAC-4107-B05D-0E817BF3C68A}.Release|Any CPU.Build.0 = Release|Any CPU
		{8930F579-704D-4575-BC0A-398F29D9CC52}.Debug|Any CPU.ActiveCfg = Debug|Any CPU
		{8930F579-704D-4575-BC0A-398F29D9CC52}.Debug|Any CPU.Build.0 = Debug|Any CPU
		{8930F579-704D-4575-BC0A-398F29D9CC52}.Release|Any CPU.ActiveCfg = Release|Any CPU
		{8930F579-704D-4575-BC0A-398F29D9CC52}.Release|Any CPU.Build.0 = Release|Any CPU
		{8E739DED-474C-4F69-86CE-6AC05DEDA33F}.Debug|Any CPU.ActiveCfg = Debug|Any CPU
		{8E739DED-474C-4F69-86CE-6AC05DEDA33F}.Debug|Any CPU.Build.0 = Debug|Any CPU
		{8E739DED-474C-4F69-86CE-6AC05DEDA33F}.Release|Any CPU.ActiveCfg = Release|Any CPU
		{8E739DED-474C-4F69-86CE-6AC05DEDA33F}.Release|Any CPU.Build.0 = Release|Any CPU
		{1096025E-6F3C-495F-87CE-FFD547B00671}.Debug|Any CPU.ActiveCfg = Debug|Any CPU
		{1096025E-6F3C-495F-87CE-FFD547B00671}.Debug|Any CPU.Build.0 = Debug|Any CPU
		{1096025E-6F3C-495F-87CE-FFD547B00671}.Release|Any CPU.ActiveCfg = Release|Any CPU
		{1096025E-6F3C-495F-87CE-FFD547B00671}.Release|Any CPU.Build.0 = Release|Any CPU
		{C99E92D6-CEBD-43DB-9409-739AAC8CF291}.Debug|Any CPU.ActiveCfg = Debug|Any CPU
		{C99E92D6-CEBD-43DB-9409-739AAC8CF291}.Debug|Any CPU.Build.0 = Debug|Any CPU
		{C99E92D6-CEBD-43DB-9409-739AAC8CF291}.Release|Any CPU.ActiveCfg = Release|Any CPU
		{C99E92D6-CEBD-43DB-9409-739AAC8CF291}.Release|Any CPU.Build.0 = Release|Any CPU
		{A3D90FB7-B909-4518-96A2-A43D639A5092}.Debug|Any CPU.ActiveCfg = Debug|Any CPU
		{A3D90FB7-B909-4518-96A2-A43D639A5092}.Debug|Any CPU.Build.0 = Debug|Any CPU
		{A3D90FB7-B909-4518-96A2-A43D639A5092}.Release|Any CPU.ActiveCfg = Release|Any CPU
		{A3D90FB7-B909-4518-96A2-A43D639A5092}.Release|Any CPU.Build.0 = Release|Any CPU
		{7B2D5C06-B95E-4CAC-AC56-924C0D7752A7}.Debug|Any CPU.ActiveCfg = Debug|Any CPU
		{7B2D5C06-B95E-4CAC-AC56-924C0D7752A7}.Debug|Any CPU.Build.0 = Debug|Any CPU
		{7B2D5C06-B95E-4CAC-AC56-924C0D7752A7}.Release|Any CPU.ActiveCfg = Release|Any CPU
		{7B2D5C06-B95E-4CAC-AC56-924C0D7752A7}.Release|Any CPU.Build.0 = Release|Any CPU
		{B30BA1E0-71A9-418D-B760-8314F8DEC712}.Debug|Any CPU.ActiveCfg = Debug|Any CPU
		{B30BA1E0-71A9-418D-B760-8314F8DEC712}.Debug|Any CPU.Build.0 = Debug|Any CPU
		{B30BA1E0-71A9-418D-B760-8314F8DEC712}.Release|Any CPU.ActiveCfg = Release|Any CPU
		{B30BA1E0-71A9-418D-B760-8314F8DEC712}.Release|Any CPU.Build.0 = Release|Any CPU
		{70A215E7-EAB5-41F3-B67C-641BE342C1CE}.Debug|Any CPU.ActiveCfg = Debug|Any CPU
		{70A215E7-EAB5-41F3-B67C-641BE342C1CE}.Debug|Any CPU.Build.0 = Debug|Any CPU
		{70A215E7-EAB5-41F3-B67C-641BE342C1CE}.Release|Any CPU.ActiveCfg = Release|Any CPU
		{70A215E7-EAB5-41F3-B67C-641BE342C1CE}.Release|Any CPU.Build.0 = Release|Any CPU
		{F248E00C-2CC9-4C97-A522-17BF1A6F111F}.Debug|Any CPU.ActiveCfg = Debug|Any CPU
		{F248E00C-2CC9-4C97-A522-17BF1A6F111F}.Debug|Any CPU.Build.0 = Debug|Any CPU
		{F248E00C-2CC9-4C97-A522-17BF1A6F111F}.Release|Any CPU.ActiveCfg = Release|Any CPU
		{F248E00C-2CC9-4C97-A522-17BF1A6F111F}.Release|Any CPU.Build.0 = Release|Any CPU
		{142F1C89-3D87-43CE-AFB4-3AB3DD66B8C5}.Debug|Any CPU.ActiveCfg = Debug|Any CPU
		{142F1C89-3D87-43CE-AFB4-3AB3DD66B8C5}.Debug|Any CPU.Build.0 = Debug|Any CPU
		{142F1C89-3D87-43CE-AFB4-3AB3DD66B8C5}.Release|Any CPU.ActiveCfg = Release|Any CPU
		{142F1C89-3D87-43CE-AFB4-3AB3DD66B8C5}.Release|Any CPU.Build.0 = Release|Any CPU
		{0C7E6623-390E-4A2E-949A-B601890118B2}.Debug|Any CPU.ActiveCfg = Debug|Any CPU
		{0C7E6623-390E-4A2E-949A-B601890118B2}.Debug|Any CPU.Build.0 = Debug|Any CPU
		{0C7E6623-390E-4A2E-949A-B601890118B2}.Release|Any CPU.ActiveCfg = Release|Any CPU
		{0C7E6623-390E-4A2E-949A-B601890118B2}.Release|Any CPU.Build.0 = Release|Any CPU
		{712655CF-20B0-490A-9B25-545BC62D80CC}.Debug|Any CPU.ActiveCfg = Debug|Any CPU
		{712655CF-20B0-490A-9B25-545BC62D80CC}.Debug|Any CPU.Build.0 = Debug|Any CPU
		{712655CF-20B0-490A-9B25-545BC62D80CC}.Release|Any CPU.ActiveCfg = Release|Any CPU
		{712655CF-20B0-490A-9B25-545BC62D80CC}.Release|Any CPU.Build.0 = Release|Any CPU
		{4726455B-7279-48EE-918E-33EFB6B4E08B}.Debug|Any CPU.ActiveCfg = Debug|Any CPU
		{4726455B-7279-48EE-918E-33EFB6B4E08B}.Debug|Any CPU.Build.0 = Debug|Any CPU
		{4726455B-7279-48EE-918E-33EFB6B4E08B}.Release|Any CPU.ActiveCfg = Release|Any CPU
		{4726455B-7279-48EE-918E-33EFB6B4E08B}.Release|Any CPU.Build.0 = Release|Any CPU
		{2CE92ADF-E76C-48D5-A304-A317ADFC6F8D}.Debug|Any CPU.ActiveCfg = Debug|Any CPU
		{2CE92ADF-E76C-48D5-A304-A317ADFC6F8D}.Debug|Any CPU.Build.0 = Debug|Any CPU
		{2CE92ADF-E76C-48D5-A304-A317ADFC6F8D}.Release|Any CPU.ActiveCfg = Release|Any CPU
		{2CE92ADF-E76C-48D5-A304-A317ADFC6F8D}.Release|Any CPU.Build.0 = Release|Any CPU
		{B36CAFEF-286F-4339-BCDE-0FEAD3A2E364}.Debug|Any CPU.ActiveCfg = Debug|Any CPU
		{B36CAFEF-286F-4339-BCDE-0FEAD3A2E364}.Debug|Any CPU.Build.0 = Debug|Any CPU
		{B36CAFEF-286F-4339-BCDE-0FEAD3A2E364}.Release|Any CPU.ActiveCfg = Release|Any CPU
		{B36CAFEF-286F-4339-BCDE-0FEAD3A2E364}.Release|Any CPU.Build.0 = Release|Any CPU
		{D007DE18-55C1-4F37-99B6-A0B5BB13A00C}.Debug|Any CPU.ActiveCfg = Debug|Any CPU
		{D007DE18-55C1-4F37-99B6-A0B5BB13A00C}.Debug|Any CPU.Build.0 = Debug|Any CPU
		{D007DE18-55C1-4F37-99B6-A0B5BB13A00C}.Release|Any CPU.ActiveCfg = Release|Any CPU
		{D007DE18-55C1-4F37-99B6-A0B5BB13A00C}.Release|Any CPU.Build.0 = Release|Any CPU
		{3EC85BBA-05D6-45DE-91CF-F0E6077048AA}.Debug|Any CPU.ActiveCfg = Debug|Any CPU
		{3EC85BBA-05D6-45DE-91CF-F0E6077048AA}.Debug|Any CPU.Build.0 = Debug|Any CPU
		{3EC85BBA-05D6-45DE-91CF-F0E6077048AA}.Release|Any CPU.ActiveCfg = Release|Any CPU
		{3EC85BBA-05D6-45DE-91CF-F0E6077048AA}.Release|Any CPU.Build.0 = Release|Any CPU
		{280C9CA8-5FA9-4DC4-BDBC-01572D654E48}.Debug|Any CPU.ActiveCfg = Debug|Any CPU
		{280C9CA8-5FA9-4DC4-BDBC-01572D654E48}.Debug|Any CPU.Build.0 = Debug|Any CPU
		{280C9CA8-5FA9-4DC4-BDBC-01572D654E48}.Release|Any CPU.ActiveCfg = Release|Any CPU
		{280C9CA8-5FA9-4DC4-BDBC-01572D654E48}.Release|Any CPU.Build.0 = Release|Any CPU
		{D15219DE-E9D5-493D-8B69-E0DF3EB6443A}.Debug|Any CPU.ActiveCfg = Debug|Any CPU
		{D15219DE-E9D5-493D-8B69-E0DF3EB6443A}.Debug|Any CPU.Build.0 = Debug|Any CPU
		{D15219DE-E9D5-493D-8B69-E0DF3EB6443A}.Release|Any CPU.ActiveCfg = Release|Any CPU
		{D15219DE-E9D5-493D-8B69-E0DF3EB6443A}.Release|Any CPU.Build.0 = Release|Any CPU
		{F418298E-EF9E-4A17-8252-2E9A927649EB}.Debug|Any CPU.ActiveCfg = Debug|Any CPU
		{F418298E-EF9E-4A17-8252-2E9A927649EB}.Debug|Any CPU.Build.0 = Debug|Any CPU
		{F418298E-EF9E-4A17-8252-2E9A927649EB}.Release|Any CPU.ActiveCfg = Release|Any CPU
		{F418298E-EF9E-4A17-8252-2E9A927649EB}.Release|Any CPU.Build.0 = Release|Any CPU
		{FE8191B2-0BB9-4DC9-9034-78ACD3294673}.Debug|Any CPU.ActiveCfg = Debug|Any CPU
		{FE8191B2-0BB9-4DC9-9034-78ACD3294673}.Debug|Any CPU.Build.0 = Debug|Any CPU
		{FE8191B2-0BB9-4DC9-9034-78ACD3294673}.Release|Any CPU.ActiveCfg = Release|Any CPU
		{FE8191B2-0BB9-4DC9-9034-78ACD3294673}.Release|Any CPU.Build.0 = Release|Any CPU
		{E619C62C-83FA-4B1F-A9E0-BF2B9FA7B4FD}.Debug|Any CPU.ActiveCfg = Debug|Any CPU
		{E619C62C-83FA-4B1F-A9E0-BF2B9FA7B4FD}.Debug|Any CPU.Build.0 = Debug|Any CPU
		{E619C62C-83FA-4B1F-A9E0-BF2B9FA7B4FD}.Release|Any CPU.ActiveCfg = Release|Any CPU
		{E619C62C-83FA-4B1F-A9E0-BF2B9FA7B4FD}.Release|Any CPU.Build.0 = Release|Any CPU
		{614D2522-33BB-42E7-8939-BA58FE7072E7}.Debug|Any CPU.ActiveCfg = Debug|Any CPU
		{614D2522-33BB-42E7-8939-BA58FE7072E7}.Debug|Any CPU.Build.0 = Debug|Any CPU
		{614D2522-33BB-42E7-8939-BA58FE7072E7}.Release|Any CPU.ActiveCfg = Release|Any CPU
		{614D2522-33BB-42E7-8939-BA58FE7072E7}.Release|Any CPU.Build.0 = Release|Any CPU
		{B0FA1FA6-7624-4626-9454-3E697D33BD72}.Debug|Any CPU.ActiveCfg = Debug|Any CPU
		{B0FA1FA6-7624-4626-9454-3E697D33BD72}.Debug|Any CPU.Build.0 = Debug|Any CPU
		{B0FA1FA6-7624-4626-9454-3E697D33BD72}.Release|Any CPU.ActiveCfg = Release|Any CPU
		{B0FA1FA6-7624-4626-9454-3E697D33BD72}.Release|Any CPU.Build.0 = Release|Any CPU
		{6B1AFCDF-5D4F-4C0F-B9FA-C2ECC16DAD83}.Debug|Any CPU.ActiveCfg = Debug|Any CPU
		{6B1AFCDF-5D4F-4C0F-B9FA-C2ECC16DAD83}.Debug|Any CPU.Build.0 = Debug|Any CPU
		{6B1AFCDF-5D4F-4C0F-B9FA-C2ECC16DAD83}.Release|Any CPU.ActiveCfg = Release|Any CPU
		{6B1AFCDF-5D4F-4C0F-B9FA-C2ECC16DAD83}.Release|Any CPU.Build.0 = Release|Any CPU
		{D2FC78A7-6A09-410B-9CA7-60A3CD60F263}.Debug|Any CPU.ActiveCfg = Debug|Any CPU
		{D2FC78A7-6A09-410B-9CA7-60A3CD60F263}.Debug|Any CPU.Build.0 = Debug|Any CPU
		{D2FC78A7-6A09-410B-9CA7-60A3CD60F263}.Release|Any CPU.ActiveCfg = Release|Any CPU
		{D2FC78A7-6A09-410B-9CA7-60A3CD60F263}.Release|Any CPU.Build.0 = Release|Any CPU
		{528295CB-0CAE-4FBC-8EDF-730C01CB2058}.Debug|Any CPU.ActiveCfg = Debug|Any CPU
		{528295CB-0CAE-4FBC-8EDF-730C01CB2058}.Debug|Any CPU.Build.0 = Debug|Any CPU
		{528295CB-0CAE-4FBC-8EDF-730C01CB2058}.Release|Any CPU.ActiveCfg = Release|Any CPU
		{528295CB-0CAE-4FBC-8EDF-730C01CB2058}.Release|Any CPU.Build.0 = Release|Any CPU
		{92B3CCAE-7CA6-49FC-9967-19ED8826FECB}.Debug|Any CPU.ActiveCfg = Debug|Any CPU
		{92B3CCAE-7CA6-49FC-9967-19ED8826FECB}.Debug|Any CPU.Build.0 = Debug|Any CPU
		{92B3CCAE-7CA6-49FC-9967-19ED8826FECB}.Release|Any CPU.ActiveCfg = Release|Any CPU
		{92B3CCAE-7CA6-49FC-9967-19ED8826FECB}.Release|Any CPU.Build.0 = Release|Any CPU
		{2B4F5C30-DEF4-4976-AA6E-984BFD353955}.Debug|Any CPU.ActiveCfg = Debug|Any CPU
		{2B4F5C30-DEF4-4976-AA6E-984BFD353955}.Debug|Any CPU.Build.0 = Debug|Any CPU
		{2B4F5C30-DEF4-4976-AA6E-984BFD353955}.Release|Any CPU.ActiveCfg = Release|Any CPU
		{2B4F5C30-DEF4-4976-AA6E-984BFD353955}.Release|Any CPU.Build.0 = Release|Any CPU
		{DC53F8C2-3674-4807-B863-92FACEE6E315}.Debug|Any CPU.ActiveCfg = Debug|Any CPU
		{DC53F8C2-3674-4807-B863-92FACEE6E315}.Debug|Any CPU.Build.0 = Debug|Any CPU
		{DC53F8C2-3674-4807-B863-92FACEE6E315}.Release|Any CPU.ActiveCfg = Release|Any CPU
		{DC53F8C2-3674-4807-B863-92FACEE6E315}.Release|Any CPU.Build.0 = Release|Any CPU
		{EE9FCDBF-7324-4977-B2E9-F3A98DC71258}.Debug|Any CPU.ActiveCfg = Debug|Any CPU
		{EE9FCDBF-7324-4977-B2E9-F3A98DC71258}.Debug|Any CPU.Build.0 = Debug|Any CPU
		{EE9FCDBF-7324-4977-B2E9-F3A98DC71258}.Release|Any CPU.ActiveCfg = Release|Any CPU
		{EE9FCDBF-7324-4977-B2E9-F3A98DC71258}.Release|Any CPU.Build.0 = Release|Any CPU
		{1037A19F-3A7D-4CC0-9B79-72A0FEEC1F34}.Debug|Any CPU.ActiveCfg = Debug|Any CPU
		{1037A19F-3A7D-4CC0-9B79-72A0FEEC1F34}.Debug|Any CPU.Build.0 = Debug|Any CPU
		{1037A19F-3A7D-4CC0-9B79-72A0FEEC1F34}.Release|Any CPU.ActiveCfg = Release|Any CPU
		{1037A19F-3A7D-4CC0-9B79-72A0FEEC1F34}.Release|Any CPU.Build.0 = Release|Any CPU
		{301F422C-82D4-407C-9273-08F6C7AF59DF}.Debug|Any CPU.ActiveCfg = Debug|Any CPU
		{301F422C-82D4-407C-9273-08F6C7AF59DF}.Debug|Any CPU.Build.0 = Debug|Any CPU
		{301F422C-82D4-407C-9273-08F6C7AF59DF}.Release|Any CPU.ActiveCfg = Release|Any CPU
		{301F422C-82D4-407C-9273-08F6C7AF59DF}.Release|Any CPU.Build.0 = Release|Any CPU
		{AF1E61D6-BCAE-48CD-A8EB-4E1D79B879DF}.Debug|Any CPU.ActiveCfg = Debug|Any CPU
		{AF1E61D6-BCAE-48CD-A8EB-4E1D79B879DF}.Debug|Any CPU.Build.0 = Debug|Any CPU
		{AF1E61D6-BCAE-48CD-A8EB-4E1D79B879DF}.Release|Any CPU.ActiveCfg = Release|Any CPU
		{AF1E61D6-BCAE-48CD-A8EB-4E1D79B879DF}.Release|Any CPU.Build.0 = Release|Any CPU
		{9819BE7D-030D-47D7-B810-8C76D0D1B126}.Debug|Any CPU.ActiveCfg = Debug|Any CPU
		{9819BE7D-030D-47D7-B810-8C76D0D1B126}.Debug|Any CPU.Build.0 = Debug|Any CPU
		{9819BE7D-030D-47D7-B810-8C76D0D1B126}.Release|Any CPU.ActiveCfg = Release|Any CPU
		{9819BE7D-030D-47D7-B810-8C76D0D1B126}.Release|Any CPU.Build.0 = Release|Any CPU
		{6D6B2386-7D35-42C0-B247-09FD3840A7BE}.Debug|Any CPU.ActiveCfg = Debug|Any CPU
		{6D6B2386-7D35-42C0-B247-09FD3840A7BE}.Debug|Any CPU.Build.0 = Debug|Any CPU
		{6D6B2386-7D35-42C0-B247-09FD3840A7BE}.Release|Any CPU.ActiveCfg = Release|Any CPU
		{6D6B2386-7D35-42C0-B247-09FD3840A7BE}.Release|Any CPU.Build.0 = Release|Any CPU
	EndGlobalSection
	GlobalSection(SolutionProperties) = preSolution
		HideSolutionNode = FALSE
	EndGlobalSection
	GlobalSection(ExtensibilityGlobals) = postSolution
		SolutionGuid = {CEEFF077-61F7-4954-A688-EA839CBCCD48}
	EndGlobalSection
EndGlobal
